
Microsoft Visual Studio Solution File, Format Version 12.00
# Visual Studio 15
VisualStudioVersion = 15.0.27130.2020
MinimumVisualStudioVersion = 10.0.40219.1
Project("{2150E333-8FDC-42A3-9474-1A3956D46DE8}") = "Receiver", "Receiver", "{43334A05-EBF1-482A-8919-13CBC365D744}"
EndProject
Project("{FAE04EC0-301F-11D3-BF4B-00C04F79EFBC}") = "Receiver", "Receiver\Receiver\Receiver.csproj", "{0223D293-080B-44DC-8C6A-8C3D4B54802B}"
EndProject
Project("{2150E333-8FDC-42A3-9474-1A3956D46DE8}") = "IncomingTransaltor", "IncomingTransaltor", "{0B585A5A-12E8-4201-A68F-E9D4EE3202AE}"
EndProject
Project("{FAE04EC0-301F-11D3-BF4B-00C04F79EFBC}") = "IncomingTransaltor", "IncomingTransaltor\IncomingTransaltor\IncomingTransaltor.csproj", "{B6D6A15C-7F23-44A2-99AA-E67A6099A694}"
EndProject
Project("{2150E333-8FDC-42A3-9474-1A3956D46DE8}") = "Tests", "Tests", "{FCDF367C-8EC9-44CF-97FE-7C0BDFEE7CCC}"
EndProject
Project("{2150E333-8FDC-42A3-9474-1A3956D46DE8}") = "Sender", "Sender", "{5F5C8FA8-3186-43A3-8C3B-3D3A19851789}"
EndProject
Project("{FAE04EC0-301F-11D3-BF4B-00C04F79EFBC}") = "Sender", "Sender\Sender\Sender.csproj", "{4B20B2E0-13B2-4637-A0A7-D9FE7AE8AB90}"
EndProject
Project("{2150E333-8FDC-42A3-9474-1A3956D46DE8}") = "OutgoingTransaltor", "OutgoingTransaltor", "{857F654F-5B88-42CC-A700-9AB10A5452C6}"
EndProject
Project("{FAE04EC0-301F-11D3-BF4B-00C04F79EFBC}") = "OutgoingTransaltor", "OutgoingTransaltor\OutgoingTransaltor\OutgoingTransaltor.csproj", "{DC2BDD8A-E962-4407-82C0-59DB56B51F8B}"
EndProject
Project("{2150E333-8FDC-42A3-9474-1A3956D46DE8}") = "Processor", "Processor", "{52321D41-C2FE-46AE-94B3-1D80B7174732}"
EndProject
Project("{FAE04EC0-301F-11D3-BF4B-00C04F79EFBC}") = "Processor", "Processor\Processor\Processor.csproj", "{24E78000-9DD0-4EE8-941F-E6BF40564DA8}"
EndProject
Project("{FAE04EC0-301F-11D3-BF4B-00C04F79EFBC}") = "OrderSource", "Receiver\OrderSource\OrderSource.csproj", "{7CB50455-6F4D-40DD-A13B-D4F235910C3C}"
EndProject
Project("{FAE04EC0-301F-11D3-BF4B-00C04F79EFBC}") = "Translator", "Translator\Translator.csproj", "{4BAC2345-772F-418A-B98B-51ED024D5649}"
EndProject
Project("{2150E333-8FDC-42A3-9474-1A3956D46DE8}") = "Incoming Translator", "Incoming Translator", "{D525D7DC-00E0-473B-A0C3-3A561E899225}"
EndProject
Project("{FAE04EC0-301F-11D3-BF4B-00C04F79EFBC}") = "Translator.Tests", "Translator.Tests\Translator.Tests.csproj", "{709D6E9D-7502-417B-9891-7352812F661F}"
EndProject
Global
	GlobalSection(SolutionConfigurationPlatforms) = preSolution
		Debug|Any CPU = Debug|Any CPU
		Release|Any CPU = Release|Any CPU
	EndGlobalSection
	GlobalSection(ProjectConfigurationPlatforms) = postSolution
		{0223D293-080B-44DC-8C6A-8C3D4B54802B}.Debug|Any CPU.ActiveCfg = Debug|Any CPU
		{0223D293-080B-44DC-8C6A-8C3D4B54802B}.Debug|Any CPU.Build.0 = Debug|Any CPU
		{0223D293-080B-44DC-8C6A-8C3D4B54802B}.Release|Any CPU.ActiveCfg = Release|Any CPU
		{0223D293-080B-44DC-8C6A-8C3D4B54802B}.Release|Any CPU.Build.0 = Release|Any CPU
		{B6D6A15C-7F23-44A2-99AA-E67A6099A694}.Debug|Any CPU.ActiveCfg = Debug|Any CPU
		{B6D6A15C-7F23-44A2-99AA-E67A6099A694}.Debug|Any CPU.Build.0 = Debug|Any CPU
		{B6D6A15C-7F23-44A2-99AA-E67A6099A694}.Release|Any CPU.ActiveCfg = Release|Any CPU
		{B6D6A15C-7F23-44A2-99AA-E67A6099A694}.Release|Any CPU.Build.0 = Release|Any CPU
		{4B20B2E0-13B2-4637-A0A7-D9FE7AE8AB90}.Debug|Any CPU.ActiveCfg = Debug|Any CPU
		{4B20B2E0-13B2-4637-A0A7-D9FE7AE8AB90}.Debug|Any CPU.Build.0 = Debug|Any CPU
		{4B20B2E0-13B2-4637-A0A7-D9FE7AE8AB90}.Release|Any CPU.ActiveCfg = Release|Any CPU
		{4B20B2E0-13B2-4637-A0A7-D9FE7AE8AB90}.Release|Any CPU.Build.0 = Release|Any CPU
		{DC2BDD8A-E962-4407-82C0-59DB56B51F8B}.Debug|Any CPU.ActiveCfg = Debug|Any CPU
		{DC2BDD8A-E962-4407-82C0-59DB56B51F8B}.Debug|Any CPU.Build.0 = Debug|Any CPU
		{DC2BDD8A-E962-4407-82C0-59DB56B51F8B}.Release|Any CPU.ActiveCfg = Release|Any CPU
		{DC2BDD8A-E962-4407-82C0-59DB56B51F8B}.Release|Any CPU.Build.0 = Release|Any CPU
		{24E78000-9DD0-4EE8-941F-E6BF40564DA8}.Debug|Any CPU.ActiveCfg = Debug|Any CPU
		{24E78000-9DD0-4EE8-941F-E6BF40564DA8}.Debug|Any CPU.Build.0 = Debug|Any CPU
		{24E78000-9DD0-4EE8-941F-E6BF40564DA8}.Release|Any CPU.ActiveCfg = Release|Any CPU
		{24E78000-9DD0-4EE8-941F-E6BF40564DA8}.Release|Any CPU.Build.0 = Release|Any CPU
		{7CB50455-6F4D-40DD-A13B-D4F235910C3C}.Debug|Any CPU.ActiveCfg = Debug|Any CPU
		{7CB50455-6F4D-40DD-A13B-D4F235910C3C}.Debug|Any CPU.Build.0 = Debug|Any CPU
		{7CB50455-6F4D-40DD-A13B-D4F235910C3C}.Release|Any CPU.ActiveCfg = Release|Any CPU
		{7CB50455-6F4D-40DD-A13B-D4F235910C3C}.Release|Any CPU.Build.0 = Release|Any CPU
		{4BAC2345-772F-418A-B98B-51ED024D5649}.Debug|Any CPU.ActiveCfg = Debug|Any CPU
		{4BAC2345-772F-418A-B98B-51ED024D5649}.Debug|Any CPU.Build.0 = Debug|Any CPU
		{4BAC2345-772F-418A-B98B-51ED024D5649}.Release|Any CPU.ActiveCfg = Release|Any CPU
		{4BAC2345-772F-418A-B98B-51ED024D5649}.Release|Any CPU.Build.0 = Release|Any CPU
		{709D6E9D-7502-417B-9891-7352812F661F}.Debug|Any CPU.ActiveCfg = Debug|Any CPU
		{709D6E9D-7502-417B-9891-7352812F661F}.Debug|Any CPU.Build.0 = Debug|Any CPU
		{709D6E9D-7502-417B-9891-7352812F661F}.Release|Any CPU.ActiveCfg = Release|Any CPU
		{709D6E9D-7502-417B-9891-7352812F661F}.Release|Any CPU.Build.0 = Release|Any CPU
	EndGlobalSection
	GlobalSection(SolutionProperties) = preSolution
		HideSolutionNode = FALSE
	EndGlobalSection
	GlobalSection(NestedProjects) = preSolution
		{0223D293-080B-44DC-8C6A-8C3D4B54802B} = {43334A05-EBF1-482A-8919-13CBC365D744}
		{B6D6A15C-7F23-44A2-99AA-E67A6099A694} = {0B585A5A-12E8-4201-A68F-E9D4EE3202AE}
		{4B20B2E0-13B2-4637-A0A7-D9FE7AE8AB90} = {5F5C8FA8-3186-43A3-8C3B-3D3A19851789}
		{DC2BDD8A-E962-4407-82C0-59DB56B51F8B} = {857F654F-5B88-42CC-A700-9AB10A5452C6}
		{24E78000-9DD0-4EE8-941F-E6BF40564DA8} = {52321D41-C2FE-46AE-94B3-1D80B7174732}
		{7CB50455-6F4D-40DD-A13B-D4F235910C3C} = {43334A05-EBF1-482A-8919-13CBC365D744}
		{4BAC2345-772F-418A-B98B-51ED024D5649} = {0B585A5A-12E8-4201-A68F-E9D4EE3202AE}
		{D525D7DC-00E0-473B-A0C3-3A561E899225} = {FCDF367C-8EC9-44CF-97FE-7C0BDFEE7CCC}
		{709D6E9D-7502-417B-9891-7352812F661F} = {D525D7DC-00E0-473B-A0C3-3A561E899225}
	EndGlobalSection
	GlobalSection(ExtensibilityGlobals) = postSolution
		SolutionGuid = {F606DCDD-47B3-4E2A-ABE0-86B6F5434353}
	EndGlobalSection
EndGlobal
